
Microsoft Visual Studio Solution File, Format Version 12.00
# Visual Studio Version 16
VisualStudioVersion = 16.0.30804.86
MinimumVisualStudioVersion = 10.0.40219.1
Project("{FAE04EC0-301F-11D3-BF4B-00C04F79EFBC}") = "readwriteCSV", "readwriteCSV\readwriteCSV.csproj", "{C4E71C03-0AF6-4F18-A3E1-67C2213E5614}"
EndProject
Global
	GlobalSection(SolutionConfigurationPlatforms) = preSolution
		Debug|Any CPU = Debug|Any CPU
		Release|Any CPU = Release|Any CPU
	EndGlobalSection
	GlobalSection(ProjectConfigurationPlatforms) = postSolution
		{C4E71C03-0AF6-4F18-A3E1-67C2213E5614}.Debug|Any CPU.ActiveCfg = Debug|Any CPU
		{C4E71C03-0AF6-4F18-A3E1-67C2213E5614}.Debug|Any CPU.Build.0 = Debug|Any CPU
		{C4E71C03-0AF6-4F18-A3E1-67C2213E5614}.Release|Any CPU.ActiveCfg = Release|Any CPU
		{C4E71C03-0AF6-4F18-A3E1-67C2213E5614}.Release|Any CPU.Build.0 = Release|Any CPU
	EndGlobalSection
	GlobalSection(SolutionProperties) = preSolution
		HideSolutionNode = FALSE
	EndGlobalSection
	GlobalSection(ExtensibilityGlobals) = postSolution
		SolutionGuid = {75BD1F73-BB1C-43C8-86F1-14A9DED0FE0B}
	EndGlobalSection
EndGlobal
